// !$*UTF8*$!
{
	archiveVersion = 1;
	classes = {
	};
	objectVersion = 48;
	objects = {

/* Begin PBXBuildFile section */
		191B5474208FA55000D5C030 /* FilterViewController.swift in Sources */ = {isa = PBXBuildFile; fileRef = 191B5473208FA55000D5C030 /* FilterViewController.swift */; };
		191B5476208FAA4500D5C030 /* FilterCell.swift in Sources */ = {isa = PBXBuildFile; fileRef = 191B5475208FAA4500D5C030 /* FilterCell.swift */; };
		19600593207BE9A100B0CE47 /* AppDelegate.swift in Sources */ = {isa = PBXBuildFile; fileRef = 19600592207BE9A100B0CE47 /* AppDelegate.swift */; };
		19600595207BE9A100B0CE47 /* ViewController.swift in Sources */ = {isa = PBXBuildFile; fileRef = 19600594207BE9A100B0CE47 /* ViewController.swift */; };
		19600598207BE9A100B0CE47 /* Main.storyboard in Resources */ = {isa = PBXBuildFile; fileRef = 19600596207BE9A100B0CE47 /* Main.storyboard */; };
		1960059A207BE9A100B0CE47 /* Assets.xcassets in Resources */ = {isa = PBXBuildFile; fileRef = 19600599207BE9A100B0CE47 /* Assets.xcassets */; };
		1960059D207BE9A100B0CE47 /* LaunchScreen.storyboard in Resources */ = {isa = PBXBuildFile; fileRef = 1960059B207BE9A100B0CE47 /* LaunchScreen.storyboard */; };
		196005A8207BE9A100B0CE47 /* TreningGeneratorUITests.swift in Sources */ = {isa = PBXBuildFile; fileRef = 196005A7207BE9A100B0CE47 /* TreningGeneratorUITests.swift */; };
		19AF64BF207EA59000380773 /* TableViewCell.swift in Sources */ = {isa = PBXBuildFile; fileRef = 19AF64BE207EA59000380773 /* TableViewCell.swift */; };
		BADFE41E20887B2D0087E0C5 /* TraningGenerator.swift in Sources */ = {isa = PBXBuildFile; fileRef = BADFE41D20887B2D0087E0C5 /* TraningGenerator.swift */; };
		EF631488207C0EFE00FD1245 /* ExerciseProtocol.swift in Sources */ = {isa = PBXBuildFile; fileRef = EF631487207C0EFE00FD1245 /* ExerciseProtocol.swift */; };
		EF63148C207C0FDE00FD1245 /* AbsExercises.swift in Sources */ = {isa = PBXBuildFile; fileRef = EF63148B207C0FDE00FD1245 /* AbsExercises.swift */; };
		EF63148E207D21D000FD1245 /* ExerciseLevel.swift in Sources */ = {isa = PBXBuildFile; fileRef = EF63148D207D21D000FD1245 /* ExerciseLevel.swift */; };
		EF631490207D29FB00FD1245 /* ExerciseGroupProtocol.swift in Sources */ = {isa = PBXBuildFile; fileRef = EF63148F207D29FB00FD1245 /* ExerciseGroupProtocol.swift */; };
		EF631492207D2ABF00FD1245 /* ExercisesModel.swift in Sources */ = {isa = PBXBuildFile; fileRef = EF631491207D2ABF00FD1245 /* ExercisesModel.swift */; };
		EF631494207D2BA200FD1245 /* ChestTricepsShouldersExercises.swift in Sources */ = {isa = PBXBuildFile; fileRef = EF631493207D2BA200FD1245 /* ChestTricepsShouldersExercises.swift */; };
		EF631496207D2EA400FD1245 /* BackBicepsExercises.swift in Sources */ = {isa = PBXBuildFile; fileRef = EF631495207D2EA400FD1245 /* BackBicepsExercises.swift */; };
		EF631498207D2FB800FD1245 /* LegsExercises.swift in Sources */ = {isa = PBXBuildFile; fileRef = EF631497207D2FB800FD1245 /* LegsExercises.swift */; };
/* End PBXBuildFile section */

/* Begin PBXContainerItemProxy section */
		196005A4207BE9A100B0CE47 /* PBXContainerItemProxy */ = {
			isa = PBXContainerItemProxy;
			containerPortal = 19600587207BE9A100B0CE47 /* Project object */;
			proxyType = 1;
			remoteGlobalIDString = 1960058E207BE9A100B0CE47;
			remoteInfo = TreningGenerator;
		};
/* End PBXContainerItemProxy section */

/* Begin PBXFileReference section */
		191B5473208FA55000D5C030 /* FilterViewController.swift */ = {isa = PBXFileReference; lastKnownFileType = sourcecode.swift; path = FilterViewController.swift; sourceTree = "<group>"; };
		191B5475208FAA4500D5C030 /* FilterCell.swift */ = {isa = PBXFileReference; lastKnownFileType = sourcecode.swift; path = FilterCell.swift; sourceTree = "<group>"; };
		1960058F207BE9A100B0CE47 /* TreningGenerator.app */ = {isa = PBXFileReference; explicitFileType = wrapper.application; includeInIndex = 0; path = TreningGenerator.app; sourceTree = BUILT_PRODUCTS_DIR; };
		19600592207BE9A100B0CE47 /* AppDelegate.swift */ = {isa = PBXFileReference; lastKnownFileType = sourcecode.swift; path = AppDelegate.swift; sourceTree = "<group>"; };
		19600594207BE9A100B0CE47 /* ViewController.swift */ = {isa = PBXFileReference; lastKnownFileType = sourcecode.swift; path = ViewController.swift; sourceTree = "<group>"; };
		19600597207BE9A100B0CE47 /* Base */ = {isa = PBXFileReference; lastKnownFileType = file.storyboard; name = Base; path = Base.lproj/Main.storyboard; sourceTree = "<group>"; };
		19600599207BE9A100B0CE47 /* Assets.xcassets */ = {isa = PBXFileReference; lastKnownFileType = folder.assetcatalog; path = Assets.xcassets; sourceTree = "<group>"; };
		1960059C207BE9A100B0CE47 /* Base */ = {isa = PBXFileReference; lastKnownFileType = file.storyboard; name = Base; path = Base.lproj/LaunchScreen.storyboard; sourceTree = "<group>"; };
		1960059E207BE9A100B0CE47 /* Info.plist */ = {isa = PBXFileReference; lastKnownFileType = text.plist.xml; path = Info.plist; sourceTree = "<group>"; };
		196005A3207BE9A100B0CE47 /* TreningGeneratorUITests.xctest */ = {isa = PBXFileReference; explicitFileType = wrapper.cfbundle; includeInIndex = 0; path = TreningGeneratorUITests.xctest; sourceTree = BUILT_PRODUCTS_DIR; };
		196005A7207BE9A100B0CE47 /* TreningGeneratorUITests.swift */ = {isa = PBXFileReference; lastKnownFileType = sourcecode.swift; path = TreningGeneratorUITests.swift; sourceTree = "<group>"; };
		196005A9207BE9A100B0CE47 /* Info.plist */ = {isa = PBXFileReference; lastKnownFileType = text.plist.xml; path = Info.plist; sourceTree = "<group>"; };
		19AF64BE207EA59000380773 /* TableViewCell.swift */ = {isa = PBXFileReference; lastKnownFileType = sourcecode.swift; path = TableViewCell.swift; sourceTree = "<group>"; };
		BADFE41D20887B2D0087E0C5 /* TraningGenerator.swift */ = {isa = PBXFileReference; lastKnownFileType = sourcecode.swift; path = TraningGenerator.swift; sourceTree = "<group>"; };
		EF631487207C0EFE00FD1245 /* ExerciseProtocol.swift */ = {isa = PBXFileReference; lastKnownFileType = sourcecode.swift; path = ExerciseProtocol.swift; sourceTree = "<group>"; };
		EF63148B207C0FDE00FD1245 /* AbsExercises.swift */ = {isa = PBXFileReference; lastKnownFileType = sourcecode.swift; path = AbsExercises.swift; sourceTree = "<group>"; };
		EF63148D207D21D000FD1245 /* ExerciseLevel.swift */ = {isa = PBXFileReference; lastKnownFileType = sourcecode.swift; path = ExerciseLevel.swift; sourceTree = "<group>"; };
		EF63148F207D29FB00FD1245 /* ExerciseGroupProtocol.swift */ = {isa = PBXFileReference; lastKnownFileType = sourcecode.swift; path = ExerciseGroupProtocol.swift; sourceTree = "<group>"; };
		EF631491207D2ABF00FD1245 /* ExercisesModel.swift */ = {isa = PBXFileReference; lastKnownFileType = sourcecode.swift; path = ExercisesModel.swift; sourceTree = "<group>"; };
		EF631493207D2BA200FD1245 /* ChestTricepsShouldersExercises.swift */ = {isa = PBXFileReference; lastKnownFileType = sourcecode.swift; path = ChestTricepsShouldersExercises.swift; sourceTree = "<group>"; };
		EF631495207D2EA400FD1245 /* BackBicepsExercises.swift */ = {isa = PBXFileReference; lastKnownFileType = sourcecode.swift; path = BackBicepsExercises.swift; sourceTree = "<group>"; };
		EF631497207D2FB800FD1245 /* LegsExercises.swift */ = {isa = PBXFileReference; lastKnownFileType = sourcecode.swift; path = LegsExercises.swift; sourceTree = "<group>"; };
/* End PBXFileReference section */

/* Begin PBXFrameworksBuildPhase section */
		1960058C207BE9A100B0CE47 /* Frameworks */ = {
			isa = PBXFrameworksBuildPhase;
			buildActionMask = 2147483647;
			files = (
			);
			runOnlyForDeploymentPostprocessing = 0;
		};
		196005A0207BE9A100B0CE47 /* Frameworks */ = {
			isa = PBXFrameworksBuildPhase;
			buildActionMask = 2147483647;
			files = (
			);
			runOnlyForDeploymentPostprocessing = 0;
		};
/* End PBXFrameworksBuildPhase section */

/* Begin PBXGroup section */
		19600586207BE9A100B0CE47 = {
			isa = PBXGroup;
			children = (
				19600590207BE9A100B0CE47 /* Products */,
				19600591207BE9A100B0CE47 /* TreningGenerator */,
				196005A6207BE9A100B0CE47 /* TreningGeneratorUITests */,
			);
			sourceTree = "<group>";
		};
		19600590207BE9A100B0CE47 /* Products */ = {
			isa = PBXGroup;
			children = (
				1960058F207BE9A100B0CE47 /* TreningGenerator.app */,
				196005A3207BE9A100B0CE47 /* TreningGeneratorUITests.xctest */,
			);
			name = Products;
			sourceTree = "<group>";
		};
		19600591207BE9A100B0CE47 /* TreningGenerator */ = {
			isa = PBXGroup;
			children = (
				BA8ADA952080855100C8AA64 /* _UI */,
				EF631486207C0EC700FD1245 /* _AbstractTypes */,
				EF631489207C0F9800FD1245 /* _Model */,
				19600592207BE9A100B0CE47 /* AppDelegate.swift */,
				19600599207BE9A100B0CE47 /* Assets.xcassets */,
				1960059E207BE9A100B0CE47 /* Info.plist */,
				1960059B207BE9A100B0CE47 /* LaunchScreen.storyboard */,
				19600596207BE9A100B0CE47 /* Main.storyboard */,
				19600594207BE9A100B0CE47 /* ViewController.swift */,
				191B5473208FA55000D5C030 /* FilterViewController.swift */,
			);
			path = TreningGenerator;
			sourceTree = "<group>";
		};
		196005A6207BE9A100B0CE47 /* TreningGeneratorUITests */ = {
			isa = PBXGroup;
			children = (
				196005A7207BE9A100B0CE47 /* TreningGeneratorUITests.swift */,
				196005A9207BE9A100B0CE47 /* Info.plist */,
			);
			path = TreningGeneratorUITests;
			sourceTree = "<group>";
		};
		BA8ADA952080855100C8AA64 /* _UI */ = {
			isa = PBXGroup;
			children = (
				19AF64BE207EA59000380773 /* TableViewCell.swift */,
				191B5475208FAA4500D5C030 /* FilterCell.swift */,
			);
			path = _UI;
			sourceTree = "<group>";
		};
		EF631486207C0EC700FD1245 /* _AbstractTypes */ = {
			isa = PBXGroup;
			children = (
				EF63148D207D21D000FD1245 /* ExerciseLevel.swift */,
				EF631487207C0EFE00FD1245 /* ExerciseProtocol.swift */,
				EF63148F207D29FB00FD1245 /* ExerciseGroupProtocol.swift */,
			);
			path = _AbstractTypes;
			sourceTree = "<group>";
		};
		EF631489207C0F9800FD1245 /* _Model */ = {
			isa = PBXGroup;
			children = (
				EF63148A207C0FC300FD1245 /* _Exercises */,
				EF631491207D2ABF00FD1245 /* ExercisesModel.swift */,
				BADFE41D20887B2D0087E0C5 /* TraningGenerator.swift */,
			);
			path = _Model;
			sourceTree = "<group>";
		};
		EF63148A207C0FC300FD1245 /* _Exercises */ = {
			isa = PBXGroup;
			children = (
				EF63148B207C0FDE00FD1245 /* AbsExercises.swift */,
				EF631495207D2EA400FD1245 /* BackBicepsExercises.swift */,
				EF631493207D2BA200FD1245 /* ChestTricepsShouldersExercises.swift */,
				EF631497207D2FB800FD1245 /* LegsExercises.swift */,
			);
			path = _Exercises;
			sourceTree = "<group>";
		};
/* End PBXGroup section */

/* Begin PBXNativeTarget section */
		1960058E207BE9A100B0CE47 /* TreningGenerator */ = {
			isa = PBXNativeTarget;
			buildConfigurationList = 196005AC207BE9A100B0CE47 /* Build configuration list for PBXNativeTarget "TreningGenerator" */;
			buildPhases = (
				1960058B207BE9A100B0CE47 /* Sources */,
				1960058C207BE9A100B0CE47 /* Frameworks */,
				1960058D207BE9A100B0CE47 /* Resources */,
			);
			buildRules = (
			);
			dependencies = (
			);
			name = TreningGenerator;
			productName = TreningGenerator;
			productReference = 1960058F207BE9A100B0CE47 /* TreningGenerator.app */;
			productType = "com.apple.product-type.application";
		};
		196005A2207BE9A100B0CE47 /* TreningGeneratorUITests */ = {
			isa = PBXNativeTarget;
			buildConfigurationList = 196005AF207BE9A100B0CE47 /* Build configuration list for PBXNativeTarget "TreningGeneratorUITests" */;
			buildPhases = (
				1960059F207BE9A100B0CE47 /* Sources */,
				196005A0207BE9A100B0CE47 /* Frameworks */,
				196005A1207BE9A100B0CE47 /* Resources */,
			);
			buildRules = (
			);
			dependencies = (
				196005A5207BE9A100B0CE47 /* PBXTargetDependency */,
			);
			name = TreningGeneratorUITests;
			productName = TreningGeneratorUITests;
			productReference = 196005A3207BE9A100B0CE47 /* TreningGeneratorUITests.xctest */;
			productType = "com.apple.product-type.bundle.ui-testing";
		};
/* End PBXNativeTarget section */

/* Begin PBXProject section */
		19600587207BE9A100B0CE47 /* Project object */ = {
			isa = PBXProject;
			attributes = {
				LastSwiftUpdateCheck = 0920;
				LastUpgradeCheck = 0930;
				ORGANIZATIONNAME = SZK;
				TargetAttributes = {
					1960058E207BE9A100B0CE47 = {
						CreatedOnToolsVersion = 9.2;
						ProvisioningStyle = Automatic;
					};
					196005A2207BE9A100B0CE47 = {
						CreatedOnToolsVersion = 9.2;
						ProvisioningStyle = Automatic;
						TestTargetID = 1960058E207BE9A100B0CE47;
					};
				};
			};
			buildConfigurationList = 1960058A207BE9A100B0CE47 /* Build configuration list for PBXProject "TreningGenerator" */;
			compatibilityVersion = "Xcode 8.0";
			developmentRegion = en;
			hasScannedForEncodings = 0;
			knownRegions = (
				en,
				Base,
			);
			mainGroup = 19600586207BE9A100B0CE47;
			productRefGroup = 19600590207BE9A100B0CE47 /* Products */;
			projectDirPath = "";
			projectRoot = "";
			targets = (
				1960058E207BE9A100B0CE47 /* TreningGenerator */,
				196005A2207BE9A100B0CE47 /* TreningGeneratorUITests */,
			);
		};
/* End PBXProject section */

/* Begin PBXResourcesBuildPhase section */
		1960058D207BE9A100B0CE47 /* Resources */ = {
			isa = PBXResourcesBuildPhase;
			buildActionMask = 2147483647;
			files = (
				1960059D207BE9A100B0CE47 /* LaunchScreen.storyboard in Resources */,
				1960059A207BE9A100B0CE47 /* Assets.xcassets in Resources */,
				19600598207BE9A100B0CE47 /* Main.storyboard in Resources */,
			);
			runOnlyForDeploymentPostprocessing = 0;
		};
		196005A1207BE9A100B0CE47 /* Resources */ = {
			isa = PBXResourcesBuildPhase;
			buildActionMask = 2147483647;
			files = (
			);
			runOnlyForDeploymentPostprocessing = 0;
		};
/* End PBXResourcesBuildPhase section */

/* Begin PBXSourcesBuildPhase section */
		1960058B207BE9A100B0CE47 /* Sources */ = {
			isa = PBXSourcesBuildPhase;
			buildActionMask = 2147483647;
			files = (
				EF631498207D2FB800FD1245 /* LegsExercises.swift in Sources */,
				EF631492207D2ABF00FD1245 /* ExercisesModel.swift in Sources */,
				19600595207BE9A100B0CE47 /* ViewController.swift in Sources */,
				BADFE41E20887B2D0087E0C5 /* TraningGenerator.swift in Sources */,
				EF63148E207D21D000FD1245 /* ExerciseLevel.swift in Sources */,
				EF631496207D2EA400FD1245 /* BackBicepsExercises.swift in Sources */,
				EF631488207C0EFE00FD1245 /* ExerciseProtocol.swift in Sources */,
				191B5476208FAA4500D5C030 /* FilterCell.swift in Sources */,
				191B5474208FA55000D5C030 /* FilterViewController.swift in Sources */,
				19AF64BF207EA59000380773 /* TableViewCell.swift in Sources */,
				EF631490207D29FB00FD1245 /* ExerciseGroupProtocol.swift in Sources */,
				EF63148C207C0FDE00FD1245 /* AbsExercises.swift in Sources */,
				EF631494207D2BA200FD1245 /* ChestTricepsShouldersExercises.swift in Sources */,
				19600593207BE9A100B0CE47 /* AppDelegate.swift in Sources */,
			);
			runOnlyForDeploymentPostprocessing = 0;
		};
		1960059F207BE9A100B0CE47 /* Sources */ = {
			isa = PBXSourcesBuildPhase;
			buildActionMask = 2147483647;
			files = (
				196005A8207BE9A100B0CE47 /* TreningGeneratorUITests.swift in Sources */,
			);
			runOnlyForDeploymentPostprocessing = 0;
		};
/* End PBXSourcesBuildPhase section */

/* Begin PBXTargetDependency section */
		196005A5207BE9A100B0CE47 /* PBXTargetDependency */ = {
			isa = PBXTargetDependency;
			target = 1960058E207BE9A100B0CE47 /* TreningGenerator */;
			targetProxy = 196005A4207BE9A100B0CE47 /* PBXContainerItemProxy */;
		};
/* End PBXTargetDependency section */

/* Begin PBXVariantGroup section */
		19600596207BE9A100B0CE47 /* Main.storyboard */ = {
			isa = PBXVariantGroup;
			children = (
				19600597207BE9A100B0CE47 /* Base */,
			);
			name = Main.storyboard;
			sourceTree = "<group>";
		};
		1960059B207BE9A100B0CE47 /* LaunchScreen.storyboard */ = {
			isa = PBXVariantGroup;
			children = (
				1960059C207BE9A100B0CE47 /* Base */,
			);
			name = LaunchScreen.storyboard;
			sourceTree = "<group>";
		};
/* End PBXVariantGroup section */

/* Begin XCBuildConfiguration section */
		196005AA207BE9A100B0CE47 /* Debug */ = {
			isa = XCBuildConfiguration;
			buildSettings = {
				ALWAYS_SEARCH_USER_PATHS = NO;
				CLANG_ANALYZER_NONNULL = YES;
				CLANG_ANALYZER_NUMBER_OBJECT_CONVERSION = YES_AGGRESSIVE;
				CLANG_CXX_LANGUAGE_STANDARD = "gnu++14";
				CLANG_CXX_LIBRARY = "libc++";
				CLANG_ENABLE_MODULES = YES;
				CLANG_ENABLE_OBJC_ARC = YES;
				CLANG_WARN_BLOCK_CAPTURE_AUTORELEASING = YES;
				CLANG_WARN_BOOL_CONVERSION = YES;
				CLANG_WARN_COMMA = YES;
				CLANG_WARN_CONSTANT_CONVERSION = YES;
				CLANG_WARN_DEPRECATED_OBJC_IMPLEMENTATIONS = YES;
				CLANG_WARN_DIRECT_OBJC_ISA_USAGE = YES_ERROR;
				CLANG_WARN_DOCUMENTATION_COMMENTS = YES;
				CLANG_WARN_EMPTY_BODY = YES;
				CLANG_WARN_ENUM_CONVERSION = YES;
				CLANG_WARN_INFINITE_RECURSION = YES;
				CLANG_WARN_INT_CONVERSION = YES;
				CLANG_WARN_NON_LITERAL_NULL_CONVERSION = YES;
				CLANG_WARN_OBJC_IMPLICIT_RETAIN_SELF = YES;
				CLANG_WARN_OBJC_LITERAL_CONVERSION = YES;
				CLANG_WARN_OBJC_ROOT_CLASS = YES_ERROR;
				CLANG_WARN_RANGE_LOOP_ANALYSIS = YES;
				CLANG_WARN_STRICT_PROTOTYPES = YES;
				CLANG_WARN_SUSPICIOUS_MOVE = YES;
				CLANG_WARN_UNGUARDED_AVAILABILITY = YES_AGGRESSIVE;
				CLANG_WARN_UNREACHABLE_CODE = YES;
				CLANG_WARN__DUPLICATE_METHOD_MATCH = YES;
				CODE_SIGN_IDENTITY = "iPhone Developer";
				COPY_PHASE_STRIP = NO;
				DEBUG_INFORMATION_FORMAT = dwarf;
				ENABLE_STRICT_OBJC_MSGSEND = YES;
				ENABLE_TESTABILITY = YES;
				GCC_C_LANGUAGE_STANDARD = gnu11;
				GCC_DYNAMIC_NO_PIC = NO;
				GCC_NO_COMMON_BLOCKS = YES;
				GCC_OPTIMIZATION_LEVEL = 0;
				GCC_PREPROCESSOR_DEFINITIONS = (
					"DEBUG=1",
					"$(inherited)",
				);
				GCC_WARN_64_TO_32_BIT_CONVERSION = YES;
				GCC_WARN_ABOUT_RETURN_TYPE = YES_ERROR;
				GCC_WARN_UNDECLARED_SELECTOR = YES;
				GCC_WARN_UNINITIALIZED_AUTOS = YES_AGGRESSIVE;
				GCC_WARN_UNUSED_FUNCTION = YES;
				GCC_WARN_UNUSED_VARIABLE = YES;
				IPHONEOS_DEPLOYMENT_TARGET = 11.2;
				MTL_ENABLE_DEBUG_INFO = YES;
				ONLY_ACTIVE_ARCH = YES;
				SDKROOT = iphoneos;
				SWIFT_ACTIVE_COMPILATION_CONDITIONS = DEBUG;
				SWIFT_OPTIMIZATION_LEVEL = "-Onone";
			};
			name = Debug;
		};
		196005AB207BE9A100B0CE47 /* Release */ = {
			isa = XCBuildConfiguration;
			buildSettings = {
				ALWAYS_SEARCH_USER_PATHS = NO;
				CLANG_ANALYZER_NONNULL = YES;
				CLANG_ANALYZER_NUMBER_OBJECT_CONVERSION = YES_AGGRESSIVE;
				CLANG_CXX_LANGUAGE_STANDARD = "gnu++14";
				CLANG_CXX_LIBRARY = "libc++";
				CLANG_ENABLE_MODULES = YES;
				CLANG_ENABLE_OBJC_ARC = YES;
				CLANG_WARN_BLOCK_CAPTURE_AUTORELEASING = YES;
				CLANG_WARN_BOOL_CONVERSION = YES;
				CLANG_WARN_COMMA = YES;
				CLANG_WARN_CONSTANT_CONVERSION = YES;
				CLANG_WARN_DEPRECATED_OBJC_IMPLEMENTATIONS = YES;
				CLANG_WARN_DIRECT_OBJC_ISA_USAGE = YES_ERROR;
				CLANG_WARN_DOCUMENTATION_COMMENTS = YES;
				CLANG_WARN_EMPTY_BODY = YES;
				CLANG_WARN_ENUM_CONVERSION = YES;
				CLANG_WARN_INFINITE_RECURSION = YES;
				CLANG_WARN_INT_CONVERSION = YES;
				CLANG_WARN_NON_LITERAL_NULL_CONVERSION = YES;
				CLANG_WARN_OBJC_IMPLICIT_RETAIN_SELF = YES;
				CLANG_WARN_OBJC_LITERAL_CONVERSION = YES;
				CLANG_WARN_OBJC_ROOT_CLASS = YES_ERROR;
				CLANG_WARN_RANGE_LOOP_ANALYSIS = YES;
				CLANG_WARN_STRICT_PROTOTYPES = YES;
				CLANG_WARN_SUSPICIOUS_MOVE = YES;
				CLANG_WARN_UNGUARDED_AVAILABILITY = YES_AGGRESSIVE;
				CLANG_WARN_UNREACHABLE_CODE = YES;
				CLANG_WARN__DUPLICATE_METHOD_MATCH = YES;
				CODE_SIGN_IDENTITY = "iPhone Developer";
				COPY_PHASE_STRIP = NO;
				DEBUG_INFORMATION_FORMAT = "dwarf-with-dsym";
				ENABLE_NS_ASSERTIONS = NO;
				ENABLE_STRICT_OBJC_MSGSEND = YES;
				GCC_C_LANGUAGE_STANDARD = gnu11;
				GCC_NO_COMMON_BLOCKS = YES;
				GCC_WARN_64_TO_32_BIT_CONVERSION = YES;
				GCC_WARN_ABOUT_RETURN_TYPE = YES_ERROR;
				GCC_WARN_UNDECLARED_SELECTOR = YES;
				GCC_WARN_UNINITIALIZED_AUTOS = YES_AGGRESSIVE;
				GCC_WARN_UNUSED_FUNCTION = YES;
				GCC_WARN_UNUSED_VARIABLE = YES;
				IPHONEOS_DEPLOYMENT_TARGET = 11.2;
				MTL_ENABLE_DEBUG_INFO = NO;
				SDKROOT = iphoneos;
				SWIFT_OPTIMIZATION_LEVEL = "-Owholemodule";
				VALIDATE_PRODUCT = YES;
			};
			name = Release;
		};
		196005AD207BE9A100B0CE47 /* Debug */ = {
			isa = XCBuildConfiguration;
			buildSettings = {
				ASSETCATALOG_COMPILER_APPICON_NAME = AppIcon;
				CODE_SIGN_IDENTITY = "iPhone Developer";
				CODE_SIGN_STYLE = Automatic;
				DEVELOPMENT_TEAM = 922J9E2T69;
				INFOPLIST_FILE = TreningGenerator/Info.plist;
				LD_RUNPATH_SEARCH_PATHS = "$(inherited) @executable_path/Frameworks";
				PRODUCT_BUNDLE_IDENTIFIER = com.dentro.TreningGenerator;
				PRODUCT_NAME = "$(TARGET_NAME)";
				PROVISIONING_PROFILE_SPECIFIER = "";
				SWIFT_VERSION = 4.0;
				TARGETED_DEVICE_FAMILY = "1,2";
			};
			name = Debug;
		};
		196005AE207BE9A100B0CE47 /* Release */ = {
			isa = XCBuildConfiguration;
			buildSettings = {
				ASSETCATALOG_COMPILER_APPICON_NAME = AppIcon;
				CODE_SIGN_IDENTITY = "iPhone Developer";
				CODE_SIGN_STYLE = Automatic;
				DEVELOPMENT_TEAM = 922J9E2T69;
				INFOPLIST_FILE = TreningGenerator/Info.plist;
				LD_RUNPATH_SEARCH_PATHS = "$(inherited) @executable_path/Frameworks";
				PRODUCT_BUNDLE_IDENTIFIER = com.dentro.TreningGenerator;
				PRODUCT_NAME = "$(TARGET_NAME)";
				PROVISIONING_PROFILE_SPECIFIER = "";
				SWIFT_VERSION = 4.0;
				TARGETED_DEVICE_FAMILY = "1,2";
			};
			name = Release;
		};
		196005B0207BE9A100B0CE47 /* Debug */ = {
			isa = XCBuildConfiguration;
			buildSettings = {
				ALWAYS_EMBED_SWIFT_STANDARD_LIBRARIES = YES;
				CODE_SIGN_STYLE = Automatic;
				INFOPLIST_FILE = TreningGeneratorUITests/Info.plist;
				LD_RUNPATH_SEARCH_PATHS = "$(inherited) @executable_path/Frameworks @loader_path/Frameworks";
				PRODUCT_BUNDLE_IDENTIFIER = com.dentro.TreningGeneratorUITests;
				PRODUCT_NAME = "$(TARGET_NAME)";
				SWIFT_VERSION = 4.0;
				TARGETED_DEVICE_FAMILY = "1,2";
				TEST_TARGET_NAME = TreningGenerator;
			};
			name = Debug;
		};
		196005B1207BE9A100B0CE47 /* Release */ = {
			isa = XCBuildConfiguration;
			buildSettings = {
				ALWAYS_EMBED_SWIFT_STANDARD_LIBRARIES = YES;
				CODE_SIGN_STYLE = Automatic;
				INFOPLIST_FILE = TreningGeneratorUITests/Info.plist;
				LD_RUNPATH_SEARCH_PATHS = "$(inherited) @executable_path/Frameworks @loader_path/Frameworks";
				PRODUCT_BUNDLE_IDENTIFIER = com.dentro.TreningGeneratorUITests;
				PRODUCT_NAME = "$(TARGET_NAME)";
				SWIFT_VERSION = 4.0;
				TARGETED_DEVICE_FAMILY = "1,2";
				TEST_TARGET_NAME = TreningGenerator;
			};
			name = Release;
		};
/* End XCBuildConfiguration section */

/* Begin XCConfigurationList section */
		1960058A207BE9A100B0CE47 /* Build configuration list for PBXProject "TreningGenerator" */ = {
			isa = XCConfigurationList;
			buildConfigurations = (
				196005AA207BE9A100B0CE47 /* Debug */,
				196005AB207BE9A100B0CE47 /* Release */,
			);
			defaultConfigurationIsVisible = 0;
			defaultConfigurationName = Release;
		};
		196005AC207BE9A100B0CE47 /* Build configuration list for PBXNativeTarget "TreningGenerator" */ = {
			isa = XCConfigurationList;
			buildConfigurations = (
				196005AD207BE9A100B0CE47 /* Debug */,
				196005AE207BE9A100B0CE47 /* Release */,
			);
			defaultConfigurationIsVisible = 0;
			defaultConfigurationName = Release;
		};
		196005AF207BE9A100B0CE47 /* Build configuration list for PBXNativeTarget "TreningGeneratorUITests" */ = {
			isa = XCConfigurationList;
			buildConfigurations = (
				196005B0207BE9A100B0CE47 /* Debug */,
				196005B1207BE9A100B0CE47 /* Release */,
			);
			defaultConfigurationIsVisible = 0;
			defaultConfigurationName = Release;
		};
/* End XCConfigurationList section */
	};
	rootObject = 19600587207BE9A100B0CE47 /* Project object */;
}
